
Microsoft Visual Studio Solution File, Format Version 12.00
# Visual Studio Version 17
VisualStudioVersion = 17.9.34728.123
MinimumVisualStudioVersion = 10.0.40219.1
Project("{9A19103F-16F7-4668-BE54-9A1E7A4F7556}") = "universityApiBackend", "universityApiBackend\universityApiBackend.csproj", "{41E11D7A-1ACA-4A14-B0E9-0BB6BAFC711F}"
EndProject
Project("{FAE04EC0-301F-11D3-BF4B-00C04F79EFBC}") = "LinqSnippets", "LinqSnippets\LinqSnippets.csproj", "{B1B8FCA5-0CB7-4B3D-AC8A-F5E1B4A766BA}"
EndProject
Global
	GlobalSection(SolutionConfigurationPlatforms) = preSolution
		Debug|Any CPU = Debug|Any CPU
		Release|Any CPU = Release|Any CPU
	EndGlobalSection
	GlobalSection(ProjectConfigurationPlatforms) = postSolution
		{41E11D7A-1ACA-4A14-B0E9-0BB6BAFC711F}.Debug|Any CPU.ActiveCfg = Debug|Any CPU
		{41E11D7A-1ACA-4A14-B0E9-0BB6BAFC711F}.Debug|Any CPU.Build.0 = Debug|Any CPU
		{41E11D7A-1ACA-4A14-B0E9-0BB6BAFC711F}.Release|Any CPU.ActiveCfg = Release|Any CPU
		{41E11D7A-1ACA-4A14-B0E9-0BB6BAFC711F}.Release|Any CPU.Build.0 = Release|Any CPU
		{B1B8FCA5-0CB7-4B3D-AC8A-F5E1B4A766BA}.Debug|Any CPU.ActiveCfg = Debug|Any CPU
		{B1B8FCA5-0CB7-4B3D-AC8A-F5E1B4A766BA}.Debug|Any CPU.Build.0 = Debug|Any CPU
		{B1B8FCA5-0CB7-4B3D-AC8A-F5E1B4A766BA}.Release|Any CPU.ActiveCfg = Release|Any CPU
		{B1B8FCA5-0CB7-4B3D-AC8A-F5E1B4A766BA}.Release|Any CPU.Build.0 = Release|Any CPU
	EndGlobalSection
	GlobalSection(SolutionProperties) = preSolution
		HideSolutionNode = FALSE
	EndGlobalSection
	GlobalSection(ExtensibilityGlobals) = postSolution
		SolutionGuid = {731AF98D-5771-4FC3-98AD-20A554836905}
	EndGlobalSection
EndGlobal
